
Microsoft Visual Studio Solution File, Format Version 12.00
# Visual Studio Version 16
VisualStudioVersion = 16.0.30503.244
MinimumVisualStudioVersion = 10.0.40219.1
Project("{9A19103F-16F7-4668-BE54-9A1E7A4F7556}") = "DeploymentRobotService", "DeploymentRobotService.csproj", "{2B0E94D3-91E7-455F-A298-753D57EA94FD}"
EndProject
Project("{FAE04EC0-301F-11D3-BF4B-00C04F79EFBC}") = "MyDeploymentMonitor", "MyDeploymentMonitor\MyDeploymentMonitor.csproj", "{D1E49D32-71D6-418D-AF00-BC55FDD6FF08}"
EndProject
Global
	GlobalSection(SolutionConfigurationPlatforms) = preSolution
		Debug|Any CPU = Debug|Any CPU
		Release|Any CPU = Release|Any CPU
	EndGlobalSection
	GlobalSection(ProjectConfigurationPlatforms) = postSolution
		{2B0E94D3-91E7-455F-A298-753D57EA94FD}.Debug|Any CPU.ActiveCfg = Debug|Any CPU
		{2B0E94D3-91E7-455F-A298-753D57EA94FD}.Debug|Any CPU.Build.0 = Debug|Any CPU
		{2B0E94D3-91E7-455F-A298-753D57EA94FD}.Release|Any CPU.ActiveCfg = Release|Any CPU
		{2B0E94D3-91E7-455F-A298-753D57EA94FD}.Release|Any CPU.Build.0 = Release|Any CPU
		{D1E49D32-71D6-418D-AF00-BC55FDD6FF08}.Debug|Any CPU.ActiveCfg = Debug|Any CPU
		{D1E49D32-71D6-418D-AF00-BC55FDD6FF08}.Debug|Any CPU.Build.0 = Debug|Any CPU
		{D1E49D32-71D6-418D-AF00-BC55FDD6FF08}.Release|Any CPU.ActiveCfg = Release|Any CPU
		{D1E49D32-71D6-418D-AF00-BC55FDD6FF08}.Release|Any CPU.Build.0 = Release|Any CPU
	EndGlobalSection
	GlobalSection(SolutionProperties) = preSolution
		HideSolutionNode = FALSE
	EndGlobalSection
	GlobalSection(ExtensibilityGlobals) = postSolution
		SolutionGuid = {C43808B8-2FC9-442C-8072-EB707D3459BA}
	EndGlobalSection
EndGlobal
